{
  "name": "language-tablatal",
  "version": "1.0.2",
  "lockfileVersion": 1,
  "requires": true,
  "dependencies": {
    "nan": {
      "version": "2.12.1",
      "resolved": "https://registry.npmjs.org/nan/-/nan-2.12.1.tgz",
      "integrity": "sha512-JY7V6lRkStKcKTvHO5NVSQRv+RV+FIL5pvDoLiAtSL9pKlC5x9PKQcZDsq7m4FO4d57mkhC6Z+QhAh3Jdk5JFw=="
    },
    "tree-sitter-tablatal": {
      "version": "1.1.0",
      "resolved": "https://registry.npmjs.org/tree-sitter-tablatal/-/tree-sitter-tablatal-1.1.0.tgz",
      "integrity": "sha512-yFSpt93rdWHilYqLs7QRzHMmNjTuJgWq82Wfo+KKjqEuyfh9XVe79ueLegOckZ8yJUr43sL1ho6X+VnL1LwTdw==",
      "requires": {
        "nan": "2.12.1"
      }
    }
  }
}
